
Microsoft Visual Studio Solution File, Format Version 12.00
# Visual Studio 15
VisualStudioVersion = 15.0.27428.2037
MinimumVisualStudioVersion = 10.0.40219.1
Project("{E24C65DC-7377-472B-9ABA-BC803B73C61A}") = "ASP_Basico_AlfonsoGalvan", "ASP_Basico_AlfonsoGalvan\", "{B5B9FCC2-34A6-4A7E-8747-F0B207790394}"
	ProjectSection(WebsiteProperties) = preProject
		TargetFrameworkMoniker = ".NETFramework,Version%3Dv4.6.1"
		Debug.AspNetCompiler.VirtualPath = "/localhost_50231"
		Debug.AspNetCompiler.PhysicalPath = "ASP_Basico_AlfonsoGalvan\"
		Debug.AspNetCompiler.TargetPath = "PrecompiledWeb\localhost_50231\"
		Debug.AspNetCompiler.Updateable = "true"
		Debug.AspNetCompiler.ForceOverwrite = "true"
		Debug.AspNetCompiler.FixedNames = "false"
		Debug.AspNetCompiler.Debug = "True"
		Release.AspNetCompiler.VirtualPath = "/localhost_50231"
		Release.AspNetCompiler.PhysicalPath = "ASP_Basico_AlfonsoGalvan\"
		Release.AspNetCompiler.TargetPath = "PrecompiledWeb\localhost_50231\"
		Release.AspNetCompiler.Updateable = "true"
		Release.AspNetCompiler.ForceOverwrite = "true"
		Release.AspNetCompiler.FixedNames = "false"
		Release.AspNetCompiler.Debug = "False"
		VWDPort = "50231"
		SlnRelativePath = "ASP_Basico_AlfonsoGalvan\"
		DefaultWebSiteLanguage = "Visual C#"
	EndProjectSection
EndProject
Global
	GlobalSection(SolutionConfigurationPlatforms) = preSolution
		Debug|Any CPU = Debug|Any CPU
	EndGlobalSection
	GlobalSection(ProjectConfigurationPlatforms) = postSolution
		{B5B9FCC2-34A6-4A7E-8747-F0B207790394}.Debug|Any CPU.ActiveCfg = Debug|Any CPU
		{B5B9FCC2-34A6-4A7E-8747-F0B207790394}.Debug|Any CPU.Build.0 = Debug|Any CPU
	EndGlobalSection
	GlobalSection(SolutionProperties) = preSolution
		HideSolutionNode = FALSE
	EndGlobalSection
	GlobalSection(ExtensibilityGlobals) = postSolution
		SolutionGuid = {9CBD345F-AEE9-4F6E-9965-712D3583EB1B}
	EndGlobalSection
EndGlobal
